
Microsoft Visual Studio Solution File, Format Version 12.00
# Visual Studio Version 16
VisualStudioVersion = 16.0.30204.135
MinimumVisualStudioVersion = 10.0.40219.1
Project("{FAE04EC0-301F-11D3-BF4B-00C04F79EFBC}") = "OperationsClass", "OperationsClass\OperationsClass.csproj", "{343F18E7-C945-46AD-9277-D1E31FA3D38E}"
EndProject
Global
	GlobalSection(SolutionConfigurationPlatforms) = preSolution
		Debug|Any CPU = Debug|Any CPU
		Release|Any CPU = Release|Any CPU
	EndGlobalSection
	GlobalSection(ProjectConfigurationPlatforms) = postSolution
		{343F18E7-C945-46AD-9277-D1E31FA3D38E}.Debug|Any CPU.ActiveCfg = Debug|Any CPU
		{343F18E7-C945-46AD-9277-D1E31FA3D38E}.Debug|Any CPU.Build.0 = Debug|Any CPU
		{343F18E7-C945-46AD-9277-D1E31FA3D38E}.Release|Any CPU.ActiveCfg = Release|Any CPU
		{343F18E7-C945-46AD-9277-D1E31FA3D38E}.Release|Any CPU.Build.0 = Release|Any CPU
	EndGlobalSection
	GlobalSection(SolutionProperties) = preSolution
		HideSolutionNode = FALSE
	EndGlobalSection
	GlobalSection(ExtensibilityGlobals) = postSolution
		SolutionGuid = {071F8689-33A3-47C7-98F3-A95820AF7A3D}
	EndGlobalSection
EndGlobal
